Microsoft Visual Studio Solution File, Format Version 12.00
# Visual Studio Version 17
VisualStudioVersion = 17.5.2.0
MinimumVisualStudioVersion = 10.0.40219.1
Project("{FAE04EC0-301F-11D3-BF4B-00C04F79EFBC}") = "PharmacyMedicineSystem", "PharmacyMedicineSystem.csproj", "{10A6F114-738E-C0AA-1769-BD706219B7EB}"
EndProject
Global
	GlobalSection(SolutionConfigurationPlatforms) = preSolution
		Debug|Any CPU = Debug|Any CPU
		Release|Any CPU = Release|Any CPU
	EndGlobalSection
	GlobalSection(ProjectConfigurationPlatforms) = postSolution
		{10A6F114-738E-C0AA-1769-BD706219B7EB}.Debug|Any CPU.ActiveCfg = Debug|Any CPU
		{10A6F114-738E-C0AA-1769-BD706219B7EB}.Debug|Any CPU.Build.0 = Debug|Any CPU
		{10A6F114-738E-C0AA-1769-BD706219B7EB}.Release|Any CPU.ActiveCfg = Release|Any CPU
		{10A6F114-738E-C0AA-1769-BD706219B7EB}.Release|Any CPU.Build.0 = Release|Any CPU
	EndGlobalSection
	GlobalSection(SolutionProperties) = preSolution
		HideSolutionNode = FALSE
	EndGlobalSection
	GlobalSection(ExtensibilityGlobals) = postSolution
		SolutionGuid = {FBCE48C9-5097-4970-86A4-54B6E849F0A5}
	EndGlobalSection
EndGlobal
