Microsoft Visual Studio Solution File, Format Version 12.00
# Visual Studio Version 17
VisualStudioVersion = 17.5.2.0
MinimumVisualStudioVersion = 10.0.40219.1
Project("{FAE04EC0-301F-11D3-BF4B-00C04F79EFBC}") = "FindItem", "FindItem.csproj", "{921A5F08-EA04-D7C7-C800-41BE3F70D1BC}"
EndProject
Global
	GlobalSection(SolutionConfigurationPlatforms) = preSolution
		Debug|Any CPU = Debug|Any CPU
		Release|Any CPU = Release|Any CPU
	EndGlobalSection
	GlobalSection(ProjectConfigurationPlatforms) = postSolution
		{921A5F08-EA04-D7C7-C800-41BE3F70D1BC}.Debug|Any CPU.ActiveCfg = Debug|Any CPU
		{921A5F08-EA04-D7C7-C800-41BE3F70D1BC}.Debug|Any CPU.Build.0 = Debug|Any CPU
		{921A5F08-EA04-D7C7-C800-41BE3F70D1BC}.Release|Any CPU.ActiveCfg = Release|Any CPU
		{921A5F08-EA04-D7C7-C800-41BE3F70D1BC}.Release|Any CPU.Build.0 = Release|Any CPU
	EndGlobalSection
	GlobalSection(SolutionProperties) = preSolution
		HideSolutionNode = FALSE
	EndGlobalSection
	GlobalSection(ExtensibilityGlobals) = postSolution
		SolutionGuid = {051ADA67-BF99-48F2-8FBF-D67661F1793B}
	EndGlobalSection
EndGlobal
