Microsoft Visual Studio Solution File, Format Version 12.00
# Visual Studio Version 17
VisualStudioVersion = 17.5.2.0
MinimumVisualStudioVersion = 10.0.40219.1
Project("{FAE04EC0-301F-11D3-BF4B-00C04F79EFBC}") = "Shipment-System", "Shipment-System.csproj", "{324C2DEB-29EE-AB57-96E0-31D779C94513}"
EndProject
Global
	GlobalSection(SolutionConfigurationPlatforms) = preSolution
		Debug|Any CPU = Debug|Any CPU
		Release|Any CPU = Release|Any CPU
	EndGlobalSection
	GlobalSection(ProjectConfigurationPlatforms) = postSolution
		{324C2DEB-29EE-AB57-96E0-31D779C94513}.Debug|Any CPU.ActiveCfg = Debug|Any CPU
		{324C2DEB-29EE-AB57-96E0-31D779C94513}.Debug|Any CPU.Build.0 = Debug|Any CPU
		{324C2DEB-29EE-AB57-96E0-31D779C94513}.Release|Any CPU.ActiveCfg = Release|Any CPU
		{324C2DEB-29EE-AB57-96E0-31D779C94513}.Release|Any CPU.Build.0 = Release|Any CPU
	EndGlobalSection
	GlobalSection(SolutionProperties) = preSolution
		HideSolutionNode = FALSE
	EndGlobalSection
	GlobalSection(ExtensibilityGlobals) = postSolution
		SolutionGuid = {7CCC5DAE-F2B8-46E4-B634-984B2D7C5465}
	EndGlobalSection
EndGlobal
