Microsoft Visual Studio Solution File, Format Version 12.00
# Visual Studio Version 17
VisualStudioVersion = 17.5.2.0
MinimumVisualStudioVersion = 10.0.40219.1
Project("{FAE04EC0-301F-11D3-BF4B-00C04F79EFBC}") = "DigitalPetty", "DigitalPetty.csproj", "{2187D0E3-AD51-5DB5-435E-1186E2803FBA}"
EndProject
Global
	GlobalSection(SolutionConfigurationPlatforms) = preSolution
		Debug|Any CPU = Debug|Any CPU
		Release|Any CPU = Release|Any CPU
	EndGlobalSection
	GlobalSection(ProjectConfigurationPlatforms) = postSolution
		{2187D0E3-AD51-5DB5-435E-1186E2803FBA}.Debug|Any CPU.ActiveCfg = Debug|Any CPU
		{2187D0E3-AD51-5DB5-435E-1186E2803FBA}.Debug|Any CPU.Build.0 = Debug|Any CPU
		{2187D0E3-AD51-5DB5-435E-1186E2803FBA}.Release|Any CPU.ActiveCfg = Release|Any CPU
		{2187D0E3-AD51-5DB5-435E-1186E2803FBA}.Release|Any CPU.Build.0 = Release|Any CPU
	EndGlobalSection
	GlobalSection(SolutionProperties) = preSolution
		HideSolutionNode = FALSE
	EndGlobalSection
	GlobalSection(ExtensibilityGlobals) = postSolution
		SolutionGuid = {6B3B5B4B-C257-4076-A610-8FEED8BFE014}
	EndGlobalSection
EndGlobal
